{
    "name": "razor-script-language",
    "version": "0.2.0",
    "lockfileVersion": 2,
    "requires": true,
    "packages": {
        "": {
            "name": "razor-script-language",
            "version": "0.2.0",
            "engines": {
                "vscode": "^1.69.0"
            }
        }
    }
}
